
Microsoft Visual Studio Solution File, Format Version 12.00
# Visual Studio 2012
Project("{FAE04EC0-301F-11D3-BF4B-00C04F79EFBC}") = "Xam.Test.NetStandard", "Xam.Test.NetStandard\Xam.Test.NetStandard.csproj", "{2A6D60B3-13B7-4637-B39E-50AF200C6C73}"
EndProject
Global
	GlobalSection(SolutionConfigurationPlatforms) = preSolution
		Debug|Any CPU = Debug|Any CPU
		Release|Any CPU = Release|Any CPU
	EndGlobalSection
	GlobalSection(ProjectConfigurationPlatforms) = postSolution
		{2A6D60B3-13B7-4637-B39E-50AF200C6C73}.Debug|Any CPU.ActiveCfg = Debug|Any CPU
		{2A6D60B3-13B7-4637-B39E-50AF200C6C73}.Debug|Any CPU.Build.0 = Debug|Any CPU
		{2A6D60B3-13B7-4637-B39E-50AF200C6C73}.Release|Any CPU.ActiveCfg = Release|Any CPU
		{2A6D60B3-13B7-4637-B39E-50AF200C6C73}.Release|Any CPU.Build.0 = Release|Any CPU
	EndGlobalSection
EndGlobal
